
Microsoft Visual Studio Solution File, Format Version 12.00
# Visual Studio 15
VisualStudioVersion = 15.0.27703.2026
MinimumVisualStudioVersion = 10.0.40219.1
Project("{9A19103F-16F7-4668-BE54-9A1E7A4F7556}") = "TicTacToe", "TicTacToe\TicTacToe.csproj", "{9B178037-D3B6-43FA-A0F9-89761ED476EE}"
EndProject
Project("{FAE04EC0-301F-11D3-BF4B-00C04F79EFBC}") = "TicTacToeTests", "TicTacToeTests\TicTacToeTests.csproj", "{04B115DF-ACAF-4F0A-B4F0-61F0C1063EEF}"
EndProject
Global
	GlobalSection(SolutionConfigurationPlatforms) = preSolution
		Debug|Any CPU = Debug|Any CPU
		Release|Any CPU = Release|Any CPU
	EndGlobalSection
	GlobalSection(ProjectConfigurationPlatforms) = postSolution
		{9B178037-D3B6-43FA-A0F9-89761ED476EE}.Debug|Any CPU.ActiveCfg = Debug|Any CPU
		{9B178037-D3B6-43FA-A0F9-89761ED476EE}.Debug|Any CPU.Build.0 = Debug|Any CPU
		{9B178037-D3B6-43FA-A0F9-89761ED476EE}.Release|Any CPU.ActiveCfg = Release|Any CPU
		{9B178037-D3B6-43FA-A0F9-89761ED476EE}.Release|Any CPU.Build.0 = Release|Any CPU
		{04B115DF-ACAF-4F0A-B4F0-61F0C1063EEF}.Debug|Any CPU.ActiveCfg = Debug|Any CPU
		{04B115DF-ACAF-4F0A-B4F0-61F0C1063EEF}.Debug|Any CPU.Build.0 = Debug|Any CPU
		{04B115DF-ACAF-4F0A-B4F0-61F0C1063EEF}.Release|Any CPU.ActiveCfg = Release|Any CPU
		{04B115DF-ACAF-4F0A-B4F0-61F0C1063EEF}.Release|Any CPU.Build.0 = Release|Any CPU
	EndGlobalSection
	GlobalSection(SolutionProperties) = preSolution
		HideSolutionNode = FALSE
	EndGlobalSection
	GlobalSection(ExtensibilityGlobals) = postSolution
		SolutionGuid = {946C6861-2D55-4DD5-B5F9-38F90AE6BD53}
	EndGlobalSection
EndGlobal
